# This file was autogenerated by Stack.
# You should not edit this file by hand.
# For more information, please see the documentation at:
#   https://docs.haskellstack.org/en/stable/topics/lock_files

packages: []
snapshots:
- completed:
    sha256: d836e64ec93e8825278b99561f4a7ef24780c9b29bb5338eec2d693ab3a800cd
    size: 732678
    url: https://raw.githubusercontent.com/commercialhaskell/stackage-snapshots/master/lts/24/49.yaml
  original: lts-24.49
